
Microsoft Visual Studio Solution File, Format Version 12.00
# Visual Studio Express 2012 for Windows Desktop
Project("{FAE04EC0-301F-11D3-BF4B-00C04F79EFBC}") = "AutoClick2", "AutoClick2\AutoClick2.csproj", "{FD7B1C80-28CC-4377-AE1A-7B05667F226F}"
EndProject
Global
	GlobalSection(SolutionConfigurationPlatforms) = preSolution
		Debug|Any CPU = Debug|Any CPU
		Release|Any CPU = Release|Any CPU
	EndGlobalSection
	GlobalSection(ProjectConfigurationPlatforms) = postSolution
		{FD7B1C80-28CC-4377-AE1A-7B05667F226F}.Debug|Any CPU.ActiveCfg = Debug|Any CPU
		{FD7B1C80-28CC-4377-AE1A-7B05667F226F}.Debug|Any CPU.Build.0 = Debug|Any CPU
		{FD7B1C80-28CC-4377-AE1A-7B05667F226F}.Release|Any CPU.ActiveCfg = Release|Any CPU
		{FD7B1C80-28CC-4377-AE1A-7B05667F226F}.Release|Any CPU.Build.0 = Release|Any CPU
	EndGlobalSection
	GlobalSection(SolutionProperties) = preSolution
		HideSolutionNode = FALSE
	EndGlobalSection
EndGlobal
